// !$*UTF8*$!
{
	archiveVersion = 1;
	classes = {
	};
	objectVersion = 50;
	objects = {

/* Begin PBXBuildFile section */
		46A30CDC29D28BC04E50F5ED /* Pods_elevate.framework in Frameworks */ = {isa = PBXBuildFile; fileRef = 32AD58C50B06F8A771661E20 /* Pods_elevate.framework */; };
		ADD4E620215694BB001F78B4 /* AppDelegate.swift in Sources */ = {isa = PBXBuildFile; fileRef = ADD4E61F215694BB001F78B4 /* AppDelegate.swift */; };
		ADD4E622215694BB001F78B4 /* ContainerViewController.swift in Sources */ = {isa = PBXBuildFile; fileRef = ADD4E621215694BB001F78B4 /* ContainerViewController.swift */; };
		ADD4E625215694BB001F78B4 /* Main.storyboard in Resources */ = {isa = PBXBuildFile; fileRef = ADD4E623215694BB001F78B4 /* Main.storyboard */; };
		ADD4E627215694BB001F78B4 /* Assets.xcassets in Resources */ = {isa = PBXBuildFile; fileRef = ADD4E626215694BB001F78B4 /* Assets.xcassets */; };
		ADD4E62A215694BB001F78B4 /* LaunchScreen.storyboard in Resources */ = {isa = PBXBuildFile; fileRef = ADD4E628215694BB001F78B4 /* LaunchScreen.storyboard */; };
		ADD4E636215696CD001F78B4 /* MMDrawerController.framework in Frameworks */ = {isa = PBXBuildFile; fileRef = ADD4E635215696CD001F78B4 /* MMDrawerController.framework */; };
		ADD4E638215696CD001F78B4 /* SVProgressHUD.framework in Frameworks */ = {isa = PBXBuildFile; fileRef = ADD4E637215696CD001F78B4 /* SVProgressHUD.framework */; };
		ADD4E63B21569709001F78B4 /* OptionsTableViewController.swift in Sources */ = {isa = PBXBuildFile; fileRef = ADD4E63921569709001F78B4 /* OptionsTableViewController.swift */; };
		ADD4E63C21569709001F78B4 /* OptionsTableViewController.xib in Resources */ = {isa = PBXBuildFile; fileRef = ADD4E63A21569709001F78B4 /* OptionsTableViewController.xib */; };
/* End PBXBuildFile section */

/* Begin PBXFileReference section */
		1516C3209E040B83D118EDA2 /* Pods-elevate.release.xcconfig */ = {isa = PBXFileReference; includeInIndex = 1; lastKnownFileType = text.xcconfig; name = "Pods-elevate.release.xcconfig"; path = "Pods/Target Support Files/Pods-elevate/Pods-elevate.release.xcconfig"; sourceTree = "<group>"; };
		161C2BE9C857746F7C53109D /* Pods-elevate.debug.xcconfig */ = {isa = PBXFileReference; includeInIndex = 1; lastKnownFileType = text.xcconfig; name = "Pods-elevate.debug.xcconfig"; path = "Pods/Target Support Files/Pods-elevate/Pods-elevate.debug.xcconfig"; sourceTree = "<group>"; };
		32AD58C50B06F8A771661E20 /* Pods_elevate.framework */ = {isa = PBXFileReference; explicitFileType = wrapper.framework; includeInIndex = 0; path = Pods_elevate.framework; sourceTree = BUILT_PRODUCTS_DIR; };
		ADD4E61C215694BB001F78B4 /* elevate.app */ = {isa = PBXFileReference; explicitFileType = wrapper.application; includeInIndex = 0; path = elevate.app; sourceTree = BUILT_PRODUCTS_DIR; };
		ADD4E61F215694BB001F78B4 /* AppDelegate.swift */ = {isa = PBXFileReference; lastKnownFileType = sourcecode.swift; path = AppDelegate.swift; sourceTree = "<group>"; };
		ADD4E621215694BB001F78B4 /* ContainerViewController.swift */ = {isa = PBXFileReference; lastKnownFileType = sourcecode.swift; path = ContainerViewController.swift; sourceTree = "<group>"; };
		ADD4E624215694BB001F78B4 /* Base */ = {isa = PBXFileReference; lastKnownFileType = file.storyboard; name = Base; path = Base.lproj/Main.storyboard; sourceTree = "<group>"; };
		ADD4E626215694BB001F78B4 /* Assets.xcassets */ = {isa = PBXFileReference; lastKnownFileType = folder.assetcatalog; path = Assets.xcassets; sourceTree = "<group>"; };
		ADD4E629215694BB001F78B4 /* Base */ = {isa = PBXFileReference; lastKnownFileType = file.storyboard; name = Base; path = Base.lproj/LaunchScreen.storyboard; sourceTree = "<group>"; };
		ADD4E62B215694BB001F78B4 /* Info.plist */ = {isa = PBXFileReference; lastKnownFileType = text.plist.xml; path = Info.plist; sourceTree = "<group>"; };
		ADD4E63121569593001F78B4 /* MMDrawerController.framework */ = {isa = PBXFileReference; explicitFileType = wrapper.framework; path = MMDrawerController.framework; sourceTree = BUILT_PRODUCTS_DIR; };
		ADD4E63321569593001F78B4 /* SVProgressHUD.framework */ = {isa = PBXFileReference; explicitFileType = wrapper.framework; path = SVProgressHUD.framework; sourceTree = BUILT_PRODUCTS_DIR; };
		ADD4E635215696CD001F78B4 /* MMDrawerController.framework */ = {isa = PBXFileReference; explicitFileType = wrapper.framework; path = MMDrawerController.framework; sourceTree = BUILT_PRODUCTS_DIR; };
		ADD4E637215696CD001F78B4 /* SVProgressHUD.framework */ = {isa = PBXFileReference; explicitFileType = wrapper.framework; path = SVProgressHUD.framework; sourceTree = BUILT_PRODUCTS_DIR; };
		ADD4E63921569709001F78B4 /* OptionsTableViewController.swift */ = {isa = PBXFileReference; lastKnownFileType = sourcecode.swift; path = OptionsTableViewController.swift; sourceTree = "<group>"; };
		ADD4E63A21569709001F78B4 /* OptionsTableViewController.xib */ = {isa = PBXFileReference; lastKnownFileType = file.xib; path = OptionsTableViewController.xib; sourceTree = "<group>"; };
/* End PBXFileReference section */

/* Begin PBXFrameworksBuildPhase section */
		ADD4E619215694BB001F78B4 /* Frameworks */ = {
			isa = PBXFrameworksBuildPhase;
			buildActionMask = 2147483647;
			files = (
				ADD4E636215696CD001F78B4 /* MMDrawerController.framework in Frameworks */,
				ADD4E638215696CD001F78B4 /* SVProgressHUD.framework in Frameworks */,
				46A30CDC29D28BC04E50F5ED /* Pods_elevate.framework in Frameworks */,
			);
			runOnlyForDeploymentPostprocessing = 0;
		};
/* End PBXFrameworksBuildPhase section */

/* Begin PBXGroup section */
		42CD95F6E31076375BA4FCA3 /* Frameworks */ = {
			isa = PBXGroup;
			children = (
				ADD4E635215696CD001F78B4 /* MMDrawerController.framework */,
				ADD4E637215696CD001F78B4 /* SVProgressHUD.framework */,
				ADD4E63121569593001F78B4 /* MMDrawerController.framework */,
				ADD4E63321569593001F78B4 /* SVProgressHUD.framework */,
				32AD58C50B06F8A771661E20 /* Pods_elevate.framework */,
			);
			name = Frameworks;
			sourceTree = "<group>";
		};
		ADD4E613215694BA001F78B4 = {
			isa = PBXGroup;
			children = (
				ADD4E61E215694BB001F78B4 /* elevate */,
				ADD4E61D215694BB001F78B4 /* Products */,
				AE2FB60CC53657525A1412CC /* Pods */,
				42CD95F6E31076375BA4FCA3 /* Frameworks */,
			);
			sourceTree = "<group>";
		};
		ADD4E61D215694BB001F78B4 /* Products */ = {
			isa = PBXGroup;
			children = (
				ADD4E61C215694BB001F78B4 /* elevate.app */,
			);
			name = Products;
			sourceTree = "<group>";
		};
		ADD4E61E215694BB001F78B4 /* elevate */ = {
			isa = PBXGroup;
			children = (
				ADD4E61F215694BB001F78B4 /* AppDelegate.swift */,
				ADD4E621215694BB001F78B4 /* ContainerViewController.swift */,
				ADD4E63921569709001F78B4 /* OptionsTableViewController.swift */,
				ADD4E63A21569709001F78B4 /* OptionsTableViewController.xib */,
				ADD4E623215694BB001F78B4 /* Main.storyboard */,
				ADD4E626215694BB001F78B4 /* Assets.xcassets */,
				ADD4E628215694BB001F78B4 /* LaunchScreen.storyboard */,
				ADD4E62B215694BB001F78B4 /* Info.plist */,
			);
			path = elevate;
			sourceTree = "<group>";
		};
		AE2FB60CC53657525A1412CC /* Pods */ = {
			isa = PBXGroup;
			children = (
				161C2BE9C857746F7C53109D /* Pods-elevate.debug.xcconfig */,
				1516C3209E040B83D118EDA2 /* Pods-elevate.release.xcconfig */,
			);
			name = Pods;
			sourceTree = "<group>";
		};
/* End PBXGroup section */

/* Begin PBXNativeTarget section */
		ADD4E61B215694BB001F78B4 /* elevate */ = {
			isa = PBXNativeTarget;
			buildConfigurationList = ADD4E62E215694BB001F78B4 /* Build configuration list for PBXNativeTarget "elevate" */;
			buildPhases = (
				08E4ED036909404D9CDF30F0 /* [CP] Check Pods Manifest.lock */,
				ADD4E618215694BB001F78B4 /* Sources */,
				ADD4E619215694BB001F78B4 /* Frameworks */,
				ADD4E61A215694BB001F78B4 /* Resources */,
				F0D2CF55FF63F57DAEB5A7B9 /* [CP] Embed Pods Frameworks */,
			);
			buildRules = (
			);
			dependencies = (
			);
			name = elevate;
			productName = elevate;
			productReference = ADD4E61C215694BB001F78B4 /* elevate.app */;
			productType = "com.apple.product-type.application";
		};
/* End PBXNativeTarget section */

/* Begin PBXProject section */
		ADD4E614215694BA001F78B4 /* Project object */ = {
			isa = PBXProject;
			attributes = {
				LastSwiftUpdateCheck = 0940;
				LastUpgradeCheck = 0940;
				ORGANIZATIONNAME = elevatehack;
				TargetAttributes = {
					ADD4E61B215694BB001F78B4 = {
						CreatedOnToolsVersion = 9.4.1;
					};
				};
			};
			buildConfigurationList = ADD4E617215694BA001F78B4 /* Build configuration list for PBXProject "elevate" */;
			compatibilityVersion = "Xcode 9.3";
			developmentRegion = en;
			hasScannedForEncodings = 0;
			knownRegions = (
				en,
				Base,
			);
			mainGroup = ADD4E613215694BA001F78B4;
			productRefGroup = ADD4E61D215694BB001F78B4 /* Products */;
			projectDirPath = "";
			projectRoot = "";
			targets = (
				ADD4E61B215694BB001F78B4 /* elevate */,
			);
		};
/* End PBXProject section */

/* Begin PBXResourcesBuildPhase section */
		ADD4E61A215694BB001F78B4 /* Resources */ = {
			isa = PBXResourcesBuildPhase;
			buildActionMask = 2147483647;
			files = (
				ADD4E62A215694BB001F78B4 /* LaunchScreen.storyboard in Resources */,
				ADD4E627215694BB001F78B4 /* Assets.xcassets in Resources */,
				ADD4E63C21569709001F78B4 /* OptionsTableViewController.xib in Resources */,
				ADD4E625215694BB001F78B4 /* Main.storyboard in Resources */,
			);
			runOnlyForDeploymentPostprocessing = 0;
		};
/* End PBXResourcesBuildPhase section */

/* Begin PBXShellScriptBuildPhase section */
		08E4ED036909404D9CDF30F0 /* [CP] Check Pods Manifest.lock */ = {
			isa = PBXShellScriptBuildPhase;
			buildActionMask = 2147483647;
			files = (
			);
			inputPaths = (
				"${PODS_PODFILE_DIR_PATH}/Podfile.lock",
				"${PODS_ROOT}/Manifest.lock",
			);
			name = "[CP] Check Pods Manifest.lock";
			outputPaths = (
				"$(DERIVED_FILE_DIR)/Pods-elevate-checkManifestLockResult.txt",
			);
			runOnlyForDeploymentPostprocessing = 0;
			shellPath = /bin/sh;
			shellScript = "diff \"${PODS_PODFILE_DIR_PATH}/Podfile.lock\" \"${PODS_ROOT}/Manifest.lock\" > /dev/null\nif [ $? != 0 ] ; then\n    # print error to STDERR\n    echo \"error: The sandbox is not in sync with the Podfile.lock. Run 'pod install' or update your CocoaPods installation.\" >&2\n    exit 1\nfi\n# This output is used by Xcode 'outputs' to avoid re-running this script phase.\necho \"SUCCESS\" > \"${SCRIPT_OUTPUT_FILE_0}\"\n";
			showEnvVarsInLog = 0;
		};
		F0D2CF55FF63F57DAEB5A7B9 /* [CP] Embed Pods Frameworks */ = {
			isa = PBXShellScriptBuildPhase;
			buildActionMask = 2147483647;
			files = (
			);
			inputPaths = (
				"${SRCROOT}/Pods/Target Support Files/Pods-elevate/Pods-elevate-frameworks.sh",
				"${BUILT_PRODUCTS_DIR}/MMDrawerController/MMDrawerController.framework",
				"${BUILT_PRODUCTS_DIR}/SVProgressHUD/SVProgressHUD.framework",
			);
			name = "[CP] Embed Pods Frameworks";
			outputPaths = (
				"${TARGET_BUILD_DIR}/${FRAMEWORKS_FOLDER_PATH}/MMDrawerController.framework",
				"${TARGET_BUILD_DIR}/${FRAMEWORKS_FOLDER_PATH}/SVProgressHUD.framework",
			);
			runOnlyForDeploymentPostprocessing = 0;
			shellPath = /bin/sh;
			shellScript = "\"${SRCROOT}/Pods/Target Support Files/Pods-elevate/Pods-elevate-frameworks.sh\"\n";
			showEnvVarsInLog = 0;
		};
/* End PBXShellScriptBuildPhase section */

/* Begin PBXSourcesBuildPhase section */
		ADD4E618215694BB001F78B4 /* Sources */ = {
			isa = PBXSourcesBuildPhase;
			buildActionMask = 2147483647;
			files = (
				ADD4E622215694BB001F78B4 /* ContainerViewController.swift in Sources */,
				ADD4E620215694BB001F78B4 /* AppDelegate.swift in Sources */,
				ADD4E63B21569709001F78B4 /* OptionsTableViewController.swift in Sources */,
			);
			runOnlyForDeploymentPostprocessing = 0;
		};
/* End PBXSourcesBuildPhase section */

/* Begin PBXVariantGroup section */
		ADD4E623215694BB001F78B4 /* Main.storyboard */ = {
			isa = PBXVariantGroup;
			children = (
				ADD4E624215694BB001F78B4 /* Base */,
			);
			name = Main.storyboard;
			sourceTree = "<group>";
		};
		ADD4E628215694BB001F78B4 /* LaunchScreen.storyboard */ = {
			isa = PBXVariantGroup;
			children = (
				ADD4E629215694BB001F78B4 /* Base */,
			);
			name = LaunchScreen.storyboard;
			sourceTree = "<group>";
		};
/* End PBXVariantGroup section */

/* Begin XCBuildConfiguration section */
		ADD4E62C215694BB001F78B4 /* Debug */ = {
			isa = XCBuildConfiguration;
			buildSettings = {
				ALWAYS_SEARCH_USER_PATHS = NO;
				CLANG_ANALYZER_NONNULL = YES;
				CLANG_ANALYZER_NUMBER_OBJECT_CONVERSION = YES_AGGRESSIVE;
				CLANG_CXX_LANGUAGE_STANDARD = "gnu++14";
				CLANG_CXX_LIBRARY = "libc++";
				CLANG_ENABLE_MODULES = YES;
				CLANG_ENABLE_OBJC_ARC = YES;
				CLANG_ENABLE_OBJC_WEAK = YES;
				CLANG_WARN_BLOCK_CAPTURE_AUTORELEASING = YES;
				CLANG_WARN_BOOL_CONVERSION = YES;
				CLANG_WARN_COMMA = YES;
				CLANG_WARN_CONSTANT_CONVERSION = YES;
				CLANG_WARN_DEPRECATED_OBJC_IMPLEMENTATIONS = YES;
				CLANG_WARN_DIRECT_OBJC_ISA_USAGE = YES_ERROR;
				CLANG_WARN_DOCUMENTATION_COMMENTS = YES;
				CLANG_WARN_EMPTY_BODY = YES;
				CLANG_WARN_ENUM_CONVERSION = YES;
				CLANG_WARN_INFINITE_RECURSION = YES;
				CLANG_WARN_INT_CONVERSION = YES;
				CLANG_WARN_NON_LITERAL_NULL_CONVERSION = YES;
				CLANG_WARN_OBJC_IMPLICIT_RETAIN_SELF = YES;
				CLANG_WARN_OBJC_LITERAL_CONVERSION = YES;
				CLANG_WARN_OBJC_ROOT_CLASS = YES_ERROR;
				CLANG_WARN_RANGE_LOOP_ANALYSIS = YES;
				CLANG_WARN_STRICT_PROTOTYPES = YES;
				CLANG_WARN_SUSPICIOUS_MOVE = YES;
				CLANG_WARN_UNGUARDED_AVAILABILITY = YES_AGGRESSIVE;
				CLANG_WARN_UNREACHABLE_CODE = YES;
				CLANG_WARN__DUPLICATE_METHOD_MATCH = YES;
				CODE_SIGN_IDENTITY = "iPhone Developer";
				COPY_PHASE_STRIP = NO;
				DEBUG_INFORMATION_FORMAT = dwarf;
				ENABLE_STRICT_OBJC_MSGSEND = YES;
				ENABLE_TESTABILITY = YES;
				GCC_C_LANGUAGE_STANDARD = gnu11;
				GCC_DYNAMIC_NO_PIC = NO;
				GCC_NO_COMMON_BLOCKS = YES;
				GCC_OPTIMIZATION_LEVEL = 0;
				GCC_PREPROCESSOR_DEFINITIONS = (
					"DEBUG=1",
					"$(inherited)",
				);
				GCC_WARN_64_TO_32_BIT_CONVERSION = YES;
				GCC_WARN_ABOUT_RETURN_TYPE = YES_ERROR;
				GCC_WARN_UNDECLARED_SELECTOR = YES;
				GCC_WARN_UNINITIALIZED_AUTOS = YES_AGGRESSIVE;
				GCC_WARN_UNUSED_FUNCTION = YES;
				GCC_WARN_UNUSED_VARIABLE = YES;
				IPHONEOS_DEPLOYMENT_TARGET = 11.4;
				MTL_ENABLE_DEBUG_INFO = YES;
				ONLY_ACTIVE_ARCH = YES;
				SDKROOT = iphoneos;
				SWIFT_ACTIVE_COMPILATION_CONDITIONS = DEBUG;
				SWIFT_OPTIMIZATION_LEVEL = "-Onone";
			};
			name = Debug;
		};
		ADD4E62D215694BB001F78B4 /* Release */ = {
			isa = XCBuildConfiguration;
			buildSettings = {
				ALWAYS_SEARCH_USER_PATHS = NO;
				CLANG_ANALYZER_NONNULL = YES;
				CLANG_ANALYZER_NUMBER_OBJECT_CONVERSION = YES_AGGRESSIVE;
				CLANG_CXX_LANGUAGE_STANDARD = "gnu++14";
				CLANG_CXX_LIBRARY = "libc++";
				CLANG_ENABLE_MODULES = YES;
				CLANG_ENABLE_OBJC_ARC = YES;
				CLANG_ENABLE_OBJC_WEAK = YES;
				CLANG_WARN_BLOCK_CAPTURE_AUTORELEASING = YES;
				CLANG_WARN_BOOL_CONVERSION = YES;
				CLANG_WARN_COMMA = YES;
				CLANG_WARN_CONSTANT_CONVERSION = YES;
				CLANG_WARN_DEPRECATED_OBJC_IMPLEMENTATIONS = YES;
				CLANG_WARN_DIRECT_OBJC_ISA_USAGE = YES_ERROR;
				CLANG_WARN_DOCUMENTATION_COMMENTS = YES;
				CLANG_WARN_EMPTY_BODY = YES;
				CLANG_WARN_ENUM_CONVERSION = YES;
				CLANG_WARN_INFINITE_RECURSION = YES;
				CLANG_WARN_INT_CONVERSION = YES;
				CLANG_WARN_NON_LITERAL_NULL_CONVERSION = YES;
				CLANG_WARN_OBJC_IMPLICIT_RETAIN_SELF = YES;
				CLANG_WARN_OBJC_LITERAL_CONVERSION = YES;
				CLANG_WARN_OBJC_ROOT_CLASS = YES_ERROR;
				CLANG_WARN_RANGE_LOOP_ANALYSIS = YES;
				CLANG_WARN_STRICT_PROTOTYPES = YES;
				CLANG_WARN_SUSPICIOUS_MOVE = YES;
				CLANG_WARN_UNGUARDED_AVAILABILITY = YES_AGGRESSIVE;
				CLANG_WARN_UNREACHABLE_CODE = YES;
				CLANG_WARN__DUPLICATE_METHOD_MATCH = YES;
				CODE_SIGN_IDENTITY = "iPhone Developer";
				COPY_PHASE_STRIP = NO;
				DEBUG_INFORMATION_FORMAT = "dwarf-with-dsym";
				ENABLE_NS_ASSERTIONS = NO;
				ENABLE_STRICT_OBJC_MSGSEND = YES;
				GCC_C_LANGUAGE_STANDARD = gnu11;
				GCC_NO_COMMON_BLOCKS = YES;
				GCC_WARN_64_TO_32_BIT_CONVERSION = YES;
				GCC_WARN_ABOUT_RETURN_TYPE = YES_ERROR;
				GCC_WARN_UNDECLARED_SELECTOR = YES;
				GCC_WARN_UNINITIALIZED_AUTOS = YES_AGGRESSIVE;
				GCC_WARN_UNUSED_FUNCTION = YES;
				GCC_WARN_UNUSED_VARIABLE = YES;
				IPHONEOS_DEPLOYMENT_TARGET = 11.4;
				MTL_ENABLE_DEBUG_INFO = NO;
				SDKROOT = iphoneos;
				SWIFT_COMPILATION_MODE = wholemodule;
				SWIFT_OPTIMIZATION_LEVEL = "-O";
				VALIDATE_PRODUCT = YES;
			};
			name = Release;
		};
		ADD4E62F215694BB001F78B4 /* Debug */ = {
			isa = XCBuildConfiguration;
			baseConfigurationReference = 161C2BE9C857746F7C53109D /* Pods-elevate.debug.xcconfig */;
			buildSettings = {
				ASSETCATALOG_COMPILER_APPICON_NAME = AppIcon;
				CODE_SIGN_STYLE = Automatic;
				DEVELOPMENT_TEAM = LTPGD7NEM4;
				INFOPLIST_FILE = elevate/Info.plist;
				LD_RUNPATH_SEARCH_PATHS = (
					"$(inherited)",
					"@executable_path/Frameworks",
				);
				PRODUCT_BUNDLE_IDENTIFIER = com.elevatehack.elevate;
				PRODUCT_NAME = "$(TARGET_NAME)";
				SWIFT_VERSION = 4.0;
				TARGETED_DEVICE_FAMILY = "1,2";
			};
			name = Debug;
		};
		ADD4E630215694BB001F78B4 /* Release */ = {
			isa = XCBuildConfiguration;
			baseConfigurationReference = 1516C3209E040B83D118EDA2 /* Pods-elevate.release.xcconfig */;
			buildSettings = {
				ASSETCATALOG_COMPILER_APPICON_NAME = AppIcon;
				CODE_SIGN_STYLE = Automatic;
				DEVELOPMENT_TEAM = LTPGD7NEM4;
				INFOPLIST_FILE = elevate/Info.plist;
				LD_RUNPATH_SEARCH_PATHS = (
					"$(inherited)",
					"@executable_path/Frameworks",
				);
				PRODUCT_BUNDLE_IDENTIFIER = com.elevatehack.elevate;
				PRODUCT_NAME = "$(TARGET_NAME)";
				SWIFT_VERSION = 4.0;
				TARGETED_DEVICE_FAMILY = "1,2";
			};
			name = Release;
		};
/* End XCBuildConfiguration section */

/* Begin XCConfigurationList section */
		ADD4E617215694BA001F78B4 /* Build configuration list for PBXProject "elevate" */ = {
			isa = XCConfigurationList;
			buildConfigurations = (
				ADD4E62C215694BB001F78B4 /* Debug */,
				ADD4E62D215694BB001F78B4 /* Release */,
			);
			defaultConfigurationIsVisible = 0;
			defaultConfigurationName = Release;
		};
		ADD4E62E215694BB001F78B4 /* Build configuration list for PBXNativeTarget "elevate" */ = {
			isa = XCConfigurationList;
			buildConfigurations = (
				ADD4E62F215694BB001F78B4 /* Debug */,
				ADD4E630215694BB001F78B4 /* Release */,
			);
			defaultConfigurationIsVisible = 0;
			defaultConfigurationName = Release;
		};
/* End XCConfigurationList section */
	};
	rootObject = ADD4E614215694BA001F78B4 /* Project object */;
}
