// !$*UTF8*$!
{
	archiveVersion = 1;
	classes = {
	};
	objectVersion = 48;
	objects = {

/* Begin PBXBuildFile section */
		0584B4872156A5F800F97F6C /* MainViewController.swift in Sources */ = {isa = PBXBuildFile; fileRef = 0584B4862156A5F800F97F6C /* MainViewController.swift */; };
		05FA2C6C2156BE3E00879843 /* ReviewViewController.swift in Sources */ = {isa = PBXBuildFile; fileRef = 05FA2C6A2156BE3E00879843 /* ReviewViewController.swift */; };
		05FA2C6D2156BE3E00879843 /* ReviewViewController.xib in Resources */ = {isa = PBXBuildFile; fileRef = 05FA2C6B2156BE3E00879843 /* ReviewViewController.xib */; };
		39B7C8973F65DDAAA9700132 /* Pods_elevate.framework in Frameworks */ = {isa = PBXBuildFile; fileRef = 222F878C1C33BC4655E881EA /* Pods_elevate.framework */; };
		AD13FB1A2156A43E004416D1 /* SettingsTableViewController.swift in Sources */ = {isa = PBXBuildFile; fileRef = AD13FB182156A43E004416D1 /* SettingsTableViewController.swift */; };
		AD13FB1B2156A43E004416D1 /* SettingsTableViewController.xib in Resources */ = {isa = PBXBuildFile; fileRef = AD13FB192156A43E004416D1 /* SettingsTableViewController.xib */; };
		AD7D1DE22156A4D700D7E47C /* SVProgressHUD.framework in Frameworks */ = {isa = PBXBuildFile; fileRef = AD7D1DE12156A4D700D7E47C /* SVProgressHUD.framework */; };
		AD7D1DE52156B67000D7E47C /* OrdersTableViewController.swift in Sources */ = {isa = PBXBuildFile; fileRef = AD7D1DE32156B67000D7E47C /* OrdersTableViewController.swift */; };
		AD7D1DE62156B67000D7E47C /* OrdersTableViewController.xib in Resources */ = {isa = PBXBuildFile; fileRef = AD7D1DE42156B67000D7E47C /* OrdersTableViewController.xib */; };
		AD7D1DEA2156BAD600D7E47C /* Order.swift in Sources */ = {isa = PBXBuildFile; fileRef = AD7D1DE92156BAD600D7E47C /* Order.swift */; };
		AD7D1DED2156BB5C00D7E47C /* Receipt.swift in Sources */ = {isa = PBXBuildFile; fileRef = AD7D1DEC2156BB5C00D7E47C /* Receipt.swift */; };
		AD7D1DF52156D0DE00D7E47C /* SearchViewController.swift in Sources */ = {isa = PBXBuildFile; fileRef = AD7D1DF32156D0DE00D7E47C /* SearchViewController.swift */; };
		AD7D1DF62156D0DE00D7E47C /* SearchViewController.xib in Resources */ = {isa = PBXBuildFile; fileRef = AD7D1DF42156D0DE00D7E47C /* SearchViewController.xib */; };
		AD7D1DF92156D77200D7E47C /* Item.swift in Sources */ = {isa = PBXBuildFile; fileRef = AD7D1DF82156D77200D7E47C /* Item.swift */; };
		AD7D1DFC2156E2AF00D7E47C /* Items.json in Resources */ = {isa = PBXBuildFile; fileRef = AD7D1DFB2156E2AF00D7E47C /* Items.json */; };
		AD7D1DFF2156E77000D7E47C /* SearchTableViewCell.swift in Sources */ = {isa = PBXBuildFile; fileRef = AD7D1DFD2156E77000D7E47C /* SearchTableViewCell.swift */; };
		AD7D1E002156E77000D7E47C /* SearchTableViewCell.xib in Resources */ = {isa = PBXBuildFile; fileRef = AD7D1DFE2156E77000D7E47C /* SearchTableViewCell.xib */; };
		AD7D1E042156F85D00D7E47C /* DetailsViewController.swift in Sources */ = {isa = PBXBuildFile; fileRef = AD7D1E022156F85D00D7E47C /* DetailsViewController.swift */; };
		AD7D1E052156F85D00D7E47C /* DetailsViewController.xib in Resources */ = {isa = PBXBuildFile; fileRef = AD7D1E032156F85D00D7E47C /* DetailsViewController.xib */; };
		AD7D1E072157055500D7E47C /* Extensions.swift in Sources */ = {isa = PBXBuildFile; fileRef = AD7D1E062157055500D7E47C /* Extensions.swift */; };
		AD7D1E0A215713FA00D7E47C /* ReceiptViewController.swift in Sources */ = {isa = PBXBuildFile; fileRef = AD7D1E08215713FA00D7E47C /* ReceiptViewController.swift */; };
		AD7D1E0B215713FA00D7E47C /* ReceiptViewController.xib in Resources */ = {isa = PBXBuildFile; fileRef = AD7D1E09215713FA00D7E47C /* ReceiptViewController.xib */; };
		AD7D1E0D2157188A00D7E47C /* OrdersManager.swift in Sources */ = {isa = PBXBuildFile; fileRef = AD7D1E0C2157188A00D7E47C /* OrdersManager.swift */; };
		AD7D1E1021571F5D00D7E47C /* ReceiptTableViewCell.swift in Sources */ = {isa = PBXBuildFile; fileRef = AD7D1E0E21571F5D00D7E47C /* ReceiptTableViewCell.swift */; };
		AD7D1E1121571F5D00D7E47C /* ReceiptTableViewCell.xib in Resources */ = {isa = PBXBuildFile; fileRef = AD7D1E0F21571F5D00D7E47C /* ReceiptTableViewCell.xib */; };
		AD7D1E1921573D9E00D7E47C /* CheckoutViewController.swift in Sources */ = {isa = PBXBuildFile; fileRef = AD7D1E1721573D9E00D7E47C /* CheckoutViewController.swift */; };
		AD7D1E1A21573D9E00D7E47C /* CheckoutViewController.xib in Resources */ = {isa = PBXBuildFile; fileRef = AD7D1E1821573D9E00D7E47C /* CheckoutViewController.xib */; };
		AD7D1E1D2157495200D7E47C /* CheckoutTableViewCell.swift in Sources */ = {isa = PBXBuildFile; fileRef = AD7D1E1B2157495200D7E47C /* CheckoutTableViewCell.swift */; };
		AD7D1E1E2157495200D7E47C /* CheckoutTableViewCell.xib in Resources */ = {isa = PBXBuildFile; fileRef = AD7D1E1C2157495200D7E47C /* CheckoutTableViewCell.xib */; };
		AD897AA02156A37B0008FD54 /* AppDelegate.swift in Sources */ = {isa = PBXBuildFile; fileRef = AD897A9F2156A37B0008FD54 /* AppDelegate.swift */; };
		AD897AA22156A37B0008FD54 /* RootTabBarController.swift in Sources */ = {isa = PBXBuildFile; fileRef = AD897AA12156A37B0008FD54 /* RootTabBarController.swift */; };
		AD897AA52156A37B0008FD54 /* Main.storyboard in Resources */ = {isa = PBXBuildFile; fileRef = AD897AA32156A37B0008FD54 /* Main.storyboard */; };
		AD897AA72156A37B0008FD54 /* Assets.xcassets in Resources */ = {isa = PBXBuildFile; fileRef = AD897AA62156A37B0008FD54 /* Assets.xcassets */; };
		AD897AAA2156A37B0008FD54 /* LaunchScreen.storyboard in Resources */ = {isa = PBXBuildFile; fileRef = AD897AA82156A37B0008FD54 /* LaunchScreen.storyboard */; };
/* End PBXBuildFile section */

/* Begin PBXFileReference section */
		0584B4862156A5F800F97F6C /* MainViewController.swift */ = {isa = PBXFileReference; fileEncoding = 4; lastKnownFileType = sourcecode.swift; path = MainViewController.swift; sourceTree = "<group>"; };
		05FA2C6A2156BE3E00879843 /* ReviewViewController.swift */ = {isa = PBXFileReference; lastKnownFileType = sourcecode.swift; path = ReviewViewController.swift; sourceTree = "<group>"; };
		05FA2C6B2156BE3E00879843 /* ReviewViewController.xib */ = {isa = PBXFileReference; lastKnownFileType = file.xib; path = ReviewViewController.xib; sourceTree = "<group>"; };
		222F878C1C33BC4655E881EA /* Pods_elevate.framework */ = {isa = PBXFileReference; explicitFileType = wrapper.framework; includeInIndex = 0; path = Pods_elevate.framework; sourceTree = BUILT_PRODUCTS_DIR; };
		6FFA415149E0596FFB2C3268 /* Pods-elevate.release.xcconfig */ = {isa = PBXFileReference; includeInIndex = 1; lastKnownFileType = text.xcconfig; name = "Pods-elevate.release.xcconfig"; path = "Pods/Target Support Files/Pods-elevate/Pods-elevate.release.xcconfig"; sourceTree = "<group>"; };
		A32354059B554FA0AA615103 /* Pods-elevate.debug.xcconfig */ = {isa = PBXFileReference; includeInIndex = 1; lastKnownFileType = text.xcconfig; name = "Pods-elevate.debug.xcconfig"; path = "Pods/Target Support Files/Pods-elevate/Pods-elevate.debug.xcconfig"; sourceTree = "<group>"; };
		AD13FB182156A43E004416D1 /* SettingsTableViewController.swift */ = {isa = PBXFileReference; lastKnownFileType = sourcecode.swift; path = SettingsTableViewController.swift; sourceTree = "<group>"; };
		AD13FB192156A43E004416D1 /* SettingsTableViewController.xib */ = {isa = PBXFileReference; lastKnownFileType = file.xib; path = SettingsTableViewController.xib; sourceTree = "<group>"; };
		AD7D1DDF2156A4D700D7E47C /* MMDrawerController.framework */ = {isa = PBXFileReference; explicitFileType = wrapper.framework; path = MMDrawerController.framework; sourceTree = BUILT_PRODUCTS_DIR; };
		AD7D1DE12156A4D700D7E47C /* SVProgressHUD.framework */ = {isa = PBXFileReference; explicitFileType = wrapper.framework; path = SVProgressHUD.framework; sourceTree = BUILT_PRODUCTS_DIR; };
		AD7D1DE32156B67000D7E47C /* OrdersTableViewController.swift */ = {isa = PBXFileReference; lastKnownFileType = sourcecode.swift; path = OrdersTableViewController.swift; sourceTree = "<group>"; };
		AD7D1DE42156B67000D7E47C /* OrdersTableViewController.xib */ = {isa = PBXFileReference; lastKnownFileType = file.xib; path = OrdersTableViewController.xib; sourceTree = "<group>"; };
		AD7D1DE92156BAD600D7E47C /* Order.swift */ = {isa = PBXFileReference; lastKnownFileType = sourcecode.swift; path = Order.swift; sourceTree = "<group>"; };
		AD7D1DEC2156BB5C00D7E47C /* Receipt.swift */ = {isa = PBXFileReference; lastKnownFileType = sourcecode.swift; path = Receipt.swift; sourceTree = "<group>"; };
		AD7D1DF32156D0DE00D7E47C /* SearchViewController.swift */ = {isa = PBXFileReference; lastKnownFileType = sourcecode.swift; path = SearchViewController.swift; sourceTree = "<group>"; };
		AD7D1DF42156D0DE00D7E47C /* SearchViewController.xib */ = {isa = PBXFileReference; lastKnownFileType = file.xib; path = SearchViewController.xib; sourceTree = "<group>"; };
		AD7D1DF82156D77200D7E47C /* Item.swift */ = {isa = PBXFileReference; lastKnownFileType = sourcecode.swift; path = Item.swift; sourceTree = "<group>"; };
		AD7D1DFB2156E2AF00D7E47C /* Items.json */ = {isa = PBXFileReference; fileEncoding = 4; lastKnownFileType = text.json; path = Items.json; sourceTree = "<group>"; };
		AD7D1DFD2156E77000D7E47C /* SearchTableViewCell.swift */ = {isa = PBXFileReference; lastKnownFileType = sourcecode.swift; path = SearchTableViewCell.swift; sourceTree = "<group>"; };
		AD7D1DFE2156E77000D7E47C /* SearchTableViewCell.xib */ = {isa = PBXFileReference; lastKnownFileType = file.xib; path = SearchTableViewCell.xib; sourceTree = "<group>"; };
		AD7D1E022156F85D00D7E47C /* DetailsViewController.swift */ = {isa = PBXFileReference; lastKnownFileType = sourcecode.swift; path = DetailsViewController.swift; sourceTree = "<group>"; };
		AD7D1E032156F85D00D7E47C /* DetailsViewController.xib */ = {isa = PBXFileReference; lastKnownFileType = file.xib; path = DetailsViewController.xib; sourceTree = "<group>"; };
		AD7D1E062157055500D7E47C /* Extensions.swift */ = {isa = PBXFileReference; lastKnownFileType = sourcecode.swift; path = Extensions.swift; sourceTree = "<group>"; };
		AD7D1E08215713FA00D7E47C /* ReceiptViewController.swift */ = {isa = PBXFileReference; lastKnownFileType = sourcecode.swift; path = ReceiptViewController.swift; sourceTree = "<group>"; };
		AD7D1E09215713FA00D7E47C /* ReceiptViewController.xib */ = {isa = PBXFileReference; lastKnownFileType = file.xib; path = ReceiptViewController.xib; sourceTree = "<group>"; };
		AD7D1E0C2157188A00D7E47C /* OrdersManager.swift */ = {isa = PBXFileReference; lastKnownFileType = sourcecode.swift; path = OrdersManager.swift; sourceTree = "<group>"; };
		AD7D1E0E21571F5D00D7E47C /* ReceiptTableViewCell.swift */ = {isa = PBXFileReference; lastKnownFileType = sourcecode.swift; path = ReceiptTableViewCell.swift; sourceTree = "<group>"; };
		AD7D1E0F21571F5D00D7E47C /* ReceiptTableViewCell.xib */ = {isa = PBXFileReference; lastKnownFileType = file.xib; path = ReceiptTableViewCell.xib; sourceTree = "<group>"; };
		AD7D1E1721573D9E00D7E47C /* CheckoutViewController.swift */ = {isa = PBXFileReference; lastKnownFileType = sourcecode.swift; path = CheckoutViewController.swift; sourceTree = "<group>"; };
		AD7D1E1821573D9E00D7E47C /* CheckoutViewController.xib */ = {isa = PBXFileReference; lastKnownFileType = file.xib; path = CheckoutViewController.xib; sourceTree = "<group>"; };
		AD7D1E1B2157495200D7E47C /* CheckoutTableViewCell.swift */ = {isa = PBXFileReference; lastKnownFileType = sourcecode.swift; path = CheckoutTableViewCell.swift; sourceTree = "<group>"; };
		AD7D1E1C2157495200D7E47C /* CheckoutTableViewCell.xib */ = {isa = PBXFileReference; lastKnownFileType = file.xib; path = CheckoutTableViewCell.xib; sourceTree = "<group>"; };
		AD897A9C2156A37B0008FD54 /* elevate.app */ = {isa = PBXFileReference; explicitFileType = wrapper.application; includeInIndex = 0; path = elevate.app; sourceTree = BUILT_PRODUCTS_DIR; };
		AD897A9F2156A37B0008FD54 /* AppDelegate.swift */ = {isa = PBXFileReference; lastKnownFileType = sourcecode.swift; path = AppDelegate.swift; sourceTree = "<group>"; };
		AD897AA12156A37B0008FD54 /* RootTabBarController.swift */ = {isa = PBXFileReference; lastKnownFileType = sourcecode.swift; path = RootTabBarController.swift; sourceTree = "<group>"; };
		AD897AA42156A37B0008FD54 /* Base */ = {isa = PBXFileReference; lastKnownFileType = file.storyboard; name = Base; path = Base.lproj/Main.storyboard; sourceTree = "<group>"; };
		AD897AA62156A37B0008FD54 /* Assets.xcassets */ = {isa = PBXFileReference; lastKnownFileType = folder.assetcatalog; path = Assets.xcassets; sourceTree = "<group>"; };
		AD897AA92156A37B0008FD54 /* Base */ = {isa = PBXFileReference; lastKnownFileType = file.storyboard; name = Base; path = Base.lproj/LaunchScreen.storyboard; sourceTree = "<group>"; };
		AD897AAB2156A37B0008FD54 /* Info.plist */ = {isa = PBXFileReference; lastKnownFileType = text.plist.xml; path = Info.plist; sourceTree = "<group>"; };
/* End PBXFileReference section */

/* Begin PBXFrameworksBuildPhase section */
		AD897A992156A37B0008FD54 /* Frameworks */ = {
			isa = PBXFrameworksBuildPhase;
			buildActionMask = 2147483647;
			files = (
				AD7D1DE22156A4D700D7E47C /* SVProgressHUD.framework in Frameworks */,
				39B7C8973F65DDAAA9700132 /* Pods_elevate.framework in Frameworks */,
			);
			runOnlyForDeploymentPostprocessing = 0;
		};
/* End PBXFrameworksBuildPhase section */

/* Begin PBXGroup section */
		05FA2C672156BDA600879843 /* Review */ = {
			isa = PBXGroup;
			children = (
				05FA2C6A2156BE3E00879843 /* ReviewViewController.swift */,
				05FA2C6B2156BE3E00879843 /* ReviewViewController.xib */,
			);
			path = Review;
			sourceTree = "<group>";
		};
		42127A8A3DE62F24B5338D9F /* Frameworks */ = {
			isa = PBXGroup;
			children = (
				AD7D1DDF2156A4D700D7E47C /* MMDrawerController.framework */,
				AD7D1DE12156A4D700D7E47C /* SVProgressHUD.framework */,
				222F878C1C33BC4655E881EA /* Pods_elevate.framework */,
			);
			name = Frameworks;
			sourceTree = "<group>";
		};
		73BEEF52A04E9CC54EEC0836 /* Pods */ = {
			isa = PBXGroup;
			children = (
				A32354059B554FA0AA615103 /* Pods-elevate.debug.xcconfig */,
				6FFA415149E0596FFB2C3268 /* Pods-elevate.release.xcconfig */,
			);
			name = Pods;
			sourceTree = "<group>";
		};
		AD7D1DE72156BA5400D7E47C /* Orders */ = {
			isa = PBXGroup;
			children = (
				AD7D1DE32156B67000D7E47C /* OrdersTableViewController.swift */,
				AD7D1DE42156B67000D7E47C /* OrdersTableViewController.xib */,
				AD7D1DE92156BAD600D7E47C /* Order.swift */,
			);
			path = Orders;
			sourceTree = "<group>";
		};
		AD7D1DE82156BA6100D7E47C /* Settings */ = {
			isa = PBXGroup;
			children = (
				AD13FB182156A43E004416D1 /* SettingsTableViewController.swift */,
				AD13FB192156A43E004416D1 /* SettingsTableViewController.xib */,
			);
			path = Settings;
			sourceTree = "<group>";
		};
		AD7D1DF22156BBB400D7E47C /* Receipt */ = {
			isa = PBXGroup;
			children = (
				AD7D1E08215713FA00D7E47C /* ReceiptViewController.swift */,
				AD7D1E09215713FA00D7E47C /* ReceiptViewController.xib */,
				AD7D1E0E21571F5D00D7E47C /* ReceiptTableViewCell.swift */,
				AD7D1E0F21571F5D00D7E47C /* ReceiptTableViewCell.xib */,
				AD7D1DEC2156BB5C00D7E47C /* Receipt.swift */,
			);
			path = Receipt;
			sourceTree = "<group>";
		};
		AD7D1DF72156D0E200D7E47C /* Search */ = {
			isa = PBXGroup;
			children = (
				AD7D1DF32156D0DE00D7E47C /* SearchViewController.swift */,
				AD7D1DF42156D0DE00D7E47C /* SearchViewController.xib */,
				AD7D1DFD2156E77000D7E47C /* SearchTableViewCell.swift */,
				AD7D1DFE2156E77000D7E47C /* SearchTableViewCell.xib */,
				AD7D1DF82156D77200D7E47C /* Item.swift */,
			);
			path = Search;
			sourceTree = "<group>";
		};
		AD7D1DFA2156E07300D7E47C /* Stubbing */ = {
			isa = PBXGroup;
			children = (
				AD7D1DFB2156E2AF00D7E47C /* Items.json */,
			);
			path = Stubbing;
			sourceTree = "<group>";
		};
		AD7D1E012156F83700D7E47C /* Details */ = {
			isa = PBXGroup;
			children = (
				AD7D1E022156F85D00D7E47C /* DetailsViewController.swift */,
				AD7D1E032156F85D00D7E47C /* DetailsViewController.xib */,
			);
			path = Details;
			sourceTree = "<group>";
		};
		AD7D1E1221573C3D00D7E47C /* Checkout */ = {
			isa = PBXGroup;
			children = (
				AD7D1E1721573D9E00D7E47C /* CheckoutViewController.swift */,
				AD7D1E1821573D9E00D7E47C /* CheckoutViewController.xib */,
				AD7D1E1B2157495200D7E47C /* CheckoutTableViewCell.swift */,
				AD7D1E1C2157495200D7E47C /* CheckoutTableViewCell.xib */,
			);
			path = Checkout;
			sourceTree = "<group>";
		};
		AD897A932156A37B0008FD54 = {
			isa = PBXGroup;
			children = (
				AD897A9E2156A37B0008FD54 /* elevate */,
				AD897A9D2156A37B0008FD54 /* Products */,
				73BEEF52A04E9CC54EEC0836 /* Pods */,
				42127A8A3DE62F24B5338D9F /* Frameworks */,
			);
			sourceTree = "<group>";
		};
		AD897A9D2156A37B0008FD54 /* Products */ = {
			isa = PBXGroup;
			children = (
				AD897A9C2156A37B0008FD54 /* elevate.app */,
			);
			name = Products;
			sourceTree = "<group>";
		};
		AD897A9E2156A37B0008FD54 /* elevate */ = {
			isa = PBXGroup;
			children = (
				AD897A9F2156A37B0008FD54 /* AppDelegate.swift */,
				AD897AA12156A37B0008FD54 /* RootTabBarController.swift */,
				AD7D1E062157055500D7E47C /* Extensions.swift */,
				0584B4862156A5F800F97F6C /* MainViewController.swift */,
				AD897AA32156A37B0008FD54 /* Main.storyboard */,
				AD7D1E0C2157188A00D7E47C /* OrdersManager.swift */,
				AD7D1E1221573C3D00D7E47C /* Checkout */,
				AD7D1E012156F83700D7E47C /* Details */,
				AD7D1DF72156D0E200D7E47C /* Search */,
				AD7D1DE72156BA5400D7E47C /* Orders */,
				AD7D1DF22156BBB400D7E47C /* Receipt */,
				05FA2C672156BDA600879843 /* Review */,
				AD7D1DE82156BA6100D7E47C /* Settings */,
				AD7D1DFA2156E07300D7E47C /* Stubbing */,
				AD897AA62156A37B0008FD54 /* Assets.xcassets */,
				AD897AA82156A37B0008FD54 /* LaunchScreen.storyboard */,
				AD897AAB2156A37B0008FD54 /* Info.plist */,
			);
			path = elevate;
			sourceTree = "<group>";
		};
/* End PBXGroup section */

/* Begin PBXNativeTarget section */
		AD897A9B2156A37B0008FD54 /* elevate */ = {
			isa = PBXNativeTarget;
			buildConfigurationList = AD897AAE2156A37B0008FD54 /* Build configuration list for PBXNativeTarget "elevate" */;
			buildPhases = (
				8545BED5C8C986D29CB1520B /* [CP] Check Pods Manifest.lock */,
				AD897A982156A37B0008FD54 /* Sources */,
				AD897A992156A37B0008FD54 /* Frameworks */,
				AD897A9A2156A37B0008FD54 /* Resources */,
				9CDDC650931B92904E6BE28F /* [CP] Embed Pods Frameworks */,
			);
			buildRules = (
			);
			dependencies = (
			);
			name = elevate;
			productName = elevate;
			productReference = AD897A9C2156A37B0008FD54 /* elevate.app */;
			productType = "com.apple.product-type.application";
		};
/* End PBXNativeTarget section */

/* Begin PBXProject section */
		AD897A942156A37B0008FD54 /* Project object */ = {
			isa = PBXProject;
			attributes = {
				LastSwiftUpdateCheck = 0920;
				LastUpgradeCheck = 0920;
				ORGANIZATIONNAME = elevatehack;
				TargetAttributes = {
					AD897A9B2156A37B0008FD54 = {
						CreatedOnToolsVersion = 9.2;
						ProvisioningStyle = Automatic;
					};
				};
			};
			buildConfigurationList = AD897A972156A37B0008FD54 /* Build configuration list for PBXProject "elevate" */;
			compatibilityVersion = "Xcode 8.0";
			developmentRegion = en;
			hasScannedForEncodings = 0;
			knownRegions = (
				en,
				Base,
			);
			mainGroup = AD897A932156A37B0008FD54;
			productRefGroup = AD897A9D2156A37B0008FD54 /* Products */;
			projectDirPath = "";
			projectRoot = "";
			targets = (
				AD897A9B2156A37B0008FD54 /* elevate */,
			);
		};
/* End PBXProject section */

/* Begin PBXResourcesBuildPhase section */
		AD897A9A2156A37B0008FD54 /* Resources */ = {
			isa = PBXResourcesBuildPhase;
			buildActionMask = 2147483647;
			files = (
				AD897AAA2156A37B0008FD54 /* LaunchScreen.storyboard in Resources */,
				AD897AA72156A37B0008FD54 /* Assets.xcassets in Resources */,
				AD13FB1B2156A43E004416D1 /* SettingsTableViewController.xib in Resources */,
				05FA2C6D2156BE3E00879843 /* ReviewViewController.xib in Resources */,
				AD7D1E1121571F5D00D7E47C /* ReceiptTableViewCell.xib in Resources */,
				AD7D1DE62156B67000D7E47C /* OrdersTableViewController.xib in Resources */,
				AD7D1E052156F85D00D7E47C /* DetailsViewController.xib in Resources */,
				AD7D1DF62156D0DE00D7E47C /* SearchViewController.xib in Resources */,
				AD7D1E1A21573D9E00D7E47C /* CheckoutViewController.xib in Resources */,
				AD7D1E1E2157495200D7E47C /* CheckoutTableViewCell.xib in Resources */,
				AD897AA52156A37B0008FD54 /* Main.storyboard in Resources */,
				AD7D1DFC2156E2AF00D7E47C /* Items.json in Resources */,
				AD7D1E002156E77000D7E47C /* SearchTableViewCell.xib in Resources */,
				AD7D1E0B215713FA00D7E47C /* ReceiptViewController.xib in Resources */,
			);
			runOnlyForDeploymentPostprocessing = 0;
		};
/* End PBXResourcesBuildPhase section */

/* Begin PBXShellScriptBuildPhase section */
		8545BED5C8C986D29CB1520B /* [CP] Check Pods Manifest.lock */ = {
			isa = PBXShellScriptBuildPhase;
			buildActionMask = 2147483647;
			files = (
			);
			inputPaths = (
				"${PODS_PODFILE_DIR_PATH}/Podfile.lock",
				"${PODS_ROOT}/Manifest.lock",
			);
			name = "[CP] Check Pods Manifest.lock";
			outputPaths = (
				"$(DERIVED_FILE_DIR)/Pods-elevate-checkManifestLockResult.txt",
			);
			runOnlyForDeploymentPostprocessing = 0;
			shellPath = /bin/sh;
			shellScript = "diff \"${PODS_PODFILE_DIR_PATH}/Podfile.lock\" \"${PODS_ROOT}/Manifest.lock\" > /dev/null\nif [ $? != 0 ] ; then\n    # print error to STDERR\n    echo \"error: The sandbox is not in sync with the Podfile.lock. Run 'pod install' or update your CocoaPods installation.\" >&2\n    exit 1\nfi\n# This output is used by Xcode 'outputs' to avoid re-running this script phase.\necho \"SUCCESS\" > \"${SCRIPT_OUTPUT_FILE_0}\"\n";
			showEnvVarsInLog = 0;
		};
		9CDDC650931B92904E6BE28F /* [CP] Embed Pods Frameworks */ = {
			isa = PBXShellScriptBuildPhase;
			buildActionMask = 2147483647;
			files = (
			);
			inputPaths = (
				"${SRCROOT}/Pods/Target Support Files/Pods-elevate/Pods-elevate-frameworks.sh",
				"${BUILT_PRODUCTS_DIR}/SVProgressHUD/SVProgressHUD.framework",
			);
			name = "[CP] Embed Pods Frameworks";
			outputPaths = (
				"${TARGET_BUILD_DIR}/${FRAMEWORKS_FOLDER_PATH}/SVProgressHUD.framework",
			);
			runOnlyForDeploymentPostprocessing = 0;
			shellPath = /bin/sh;
			shellScript = "\"${SRCROOT}/Pods/Target Support Files/Pods-elevate/Pods-elevate-frameworks.sh\"\n";
			showEnvVarsInLog = 0;
		};
/* End PBXShellScriptBuildPhase section */

/* Begin PBXSourcesBuildPhase section */
		AD897A982156A37B0008FD54 /* Sources */ = {
			isa = PBXSourcesBuildPhase;
			buildActionMask = 2147483647;
			files = (
				AD7D1DF52156D0DE00D7E47C /* SearchViewController.swift in Sources */,
				AD7D1E072157055500D7E47C /* Extensions.swift in Sources */,
				AD7D1DEA2156BAD600D7E47C /* Order.swift in Sources */,
				AD7D1DE52156B67000D7E47C /* OrdersTableViewController.swift in Sources */,
				AD7D1E1021571F5D00D7E47C /* ReceiptTableViewCell.swift in Sources */,
				AD7D1DED2156BB5C00D7E47C /* Receipt.swift in Sources */,
				AD897AA22156A37B0008FD54 /* RootTabBarController.swift in Sources */,
				AD7D1DF92156D77200D7E47C /* Item.swift in Sources */,
				AD897AA02156A37B0008FD54 /* AppDelegate.swift in Sources */,
				AD7D1E1D2157495200D7E47C /* CheckoutTableViewCell.swift in Sources */,
				AD13FB1A2156A43E004416D1 /* SettingsTableViewController.swift in Sources */,
				AD7D1DFF2156E77000D7E47C /* SearchTableViewCell.swift in Sources */,
				AD7D1E1921573D9E00D7E47C /* CheckoutViewController.swift in Sources */,
				0584B4872156A5F800F97F6C /* MainViewController.swift in Sources */,
				AD7D1E0A215713FA00D7E47C /* ReceiptViewController.swift in Sources */,
				AD7D1E042156F85D00D7E47C /* DetailsViewController.swift in Sources */,
				AD7D1E0D2157188A00D7E47C /* OrdersManager.swift in Sources */,
				05FA2C6C2156BE3E00879843 /* ReviewViewController.swift in Sources */,
			);
			runOnlyForDeploymentPostprocessing = 0;
		};
/* End PBXSourcesBuildPhase section */

/* Begin PBXVariantGroup section */
		AD897AA32156A37B0008FD54 /* Main.storyboard */ = {
			isa = PBXVariantGroup;
			children = (
				AD897AA42156A37B0008FD54 /* Base */,
			);
			name = Main.storyboard;
			sourceTree = "<group>";
		};
		AD897AA82156A37B0008FD54 /* LaunchScreen.storyboard */ = {
			isa = PBXVariantGroup;
			children = (
				AD897AA92156A37B0008FD54 /* Base */,
			);
			name = LaunchScreen.storyboard;
			sourceTree = "<group>";
		};
/* End PBXVariantGroup section */

/* Begin XCBuildConfiguration section */
		AD897AAC2156A37B0008FD54 /* Debug */ = {
			isa = XCBuildConfiguration;
			buildSettings = {
				ALWAYS_SEARCH_USER_PATHS = NO;
				CLANG_ANALYZER_NONNULL = YES;
				CLANG_ANALYZER_NUMBER_OBJECT_CONVERSION = YES_AGGRESSIVE;
				CLANG_CXX_LANGUAGE_STANDARD = "gnu++14";
				CLANG_CXX_LIBRARY = "libc++";
				CLANG_ENABLE_MODULES = YES;
				CLANG_ENABLE_OBJC_ARC = YES;
				CLANG_WARN_BLOCK_CAPTURE_AUTORELEASING = YES;
				CLANG_WARN_BOOL_CONVERSION = YES;
				CLANG_WARN_COMMA = YES;
				CLANG_WARN_CONSTANT_CONVERSION = YES;
				CLANG_WARN_DIRECT_OBJC_ISA_USAGE = YES_ERROR;
				CLANG_WARN_DOCUMENTATION_COMMENTS = YES;
				CLANG_WARN_EMPTY_BODY = YES;
				CLANG_WARN_ENUM_CONVERSION = YES;
				CLANG_WARN_INFINITE_RECURSION = YES;
				CLANG_WARN_INT_CONVERSION = YES;
				CLANG_WARN_NON_LITERAL_NULL_CONVERSION = YES;
				CLANG_WARN_OBJC_LITERAL_CONVERSION = YES;
				CLANG_WARN_OBJC_ROOT_CLASS = YES_ERROR;
				CLANG_WARN_RANGE_LOOP_ANALYSIS = YES;
				CLANG_WARN_STRICT_PROTOTYPES = YES;
				CLANG_WARN_SUSPICIOUS_MOVE = YES;
				CLANG_WARN_UNGUARDED_AVAILABILITY = YES_AGGRESSIVE;
				CLANG_WARN_UNREACHABLE_CODE = YES;
				CLANG_WARN__DUPLICATE_METHOD_MATCH = YES;
				CODE_SIGN_IDENTITY = "iPhone Developer";
				COPY_PHASE_STRIP = NO;
				DEBUG_INFORMATION_FORMAT = dwarf;
				ENABLE_STRICT_OBJC_MSGSEND = YES;
				ENABLE_TESTABILITY = YES;
				GCC_C_LANGUAGE_STANDARD = gnu11;
				GCC_DYNAMIC_NO_PIC = NO;
				GCC_NO_COMMON_BLOCKS = YES;
				GCC_OPTIMIZATION_LEVEL = 0;
				GCC_PREPROCESSOR_DEFINITIONS = (
					"DEBUG=1",
					"$(inherited)",
				);
				GCC_WARN_64_TO_32_BIT_CONVERSION = YES;
				GCC_WARN_ABOUT_RETURN_TYPE = YES_ERROR;
				GCC_WARN_UNDECLARED_SELECTOR = YES;
				GCC_WARN_UNINITIALIZED_AUTOS = YES_AGGRESSIVE;
				GCC_WARN_UNUSED_FUNCTION = YES;
				GCC_WARN_UNUSED_VARIABLE = YES;
				IPHONEOS_DEPLOYMENT_TARGET = 11.2;
				MTL_ENABLE_DEBUG_INFO = YES;
				ONLY_ACTIVE_ARCH = YES;
				SDKROOT = iphoneos;
				SWIFT_ACTIVE_COMPILATION_CONDITIONS = DEBUG;
				SWIFT_OPTIMIZATION_LEVEL = "-Onone";
			};
			name = Debug;
		};
		AD897AAD2156A37B0008FD54 /* Release */ = {
			isa = XCBuildConfiguration;
			buildSettings = {
				ALWAYS_SEARCH_USER_PATHS = NO;
				CLANG_ANALYZER_NONNULL = YES;
				CLANG_ANALYZER_NUMBER_OBJECT_CONVERSION = YES_AGGRESSIVE;
				CLANG_CXX_LANGUAGE_STANDARD = "gnu++14";
				CLANG_CXX_LIBRARY = "libc++";
				CLANG_ENABLE_MODULES = YES;
				CLANG_ENABLE_OBJC_ARC = YES;
				CLANG_WARN_BLOCK_CAPTURE_AUTORELEASING = YES;
				CLANG_WARN_BOOL_CONVERSION = YES;
				CLANG_WARN_COMMA = YES;
				CLANG_WARN_CONSTANT_CONVERSION = YES;
				CLANG_WARN_DIRECT_OBJC_ISA_USAGE = YES_ERROR;
				CLANG_WARN_DOCUMENTATION_COMMENTS = YES;
				CLANG_WARN_EMPTY_BODY = YES;
				CLANG_WARN_ENUM_CONVERSION = YES;
				CLANG_WARN_INFINITE_RECURSION = YES;
				CLANG_WARN_INT_CONVERSION = YES;
				CLANG_WARN_NON_LITERAL_NULL_CONVERSION = YES;
				CLANG_WARN_OBJC_LITERAL_CONVERSION = YES;
				CLANG_WARN_OBJC_ROOT_CLASS = YES_ERROR;
				CLANG_WARN_RANGE_LOOP_ANALYSIS = YES;
				CLANG_WARN_STRICT_PROTOTYPES = YES;
				CLANG_WARN_SUSPICIOUS_MOVE = YES;
				CLANG_WARN_UNGUARDED_AVAILABILITY = YES_AGGRESSIVE;
				CLANG_WARN_UNREACHABLE_CODE = YES;
				CLANG_WARN__DUPLICATE_METHOD_MATCH = YES;
				CODE_SIGN_IDENTITY = "iPhone Developer";
				COPY_PHASE_STRIP = NO;
				DEBUG_INFORMATION_FORMAT = "dwarf-with-dsym";
				ENABLE_NS_ASSERTIONS = NO;
				ENABLE_STRICT_OBJC_MSGSEND = YES;
				GCC_C_LANGUAGE_STANDARD = gnu11;
				GCC_NO_COMMON_BLOCKS = YES;
				GCC_WARN_64_TO_32_BIT_CONVERSION = YES;
				GCC_WARN_ABOUT_RETURN_TYPE = YES_ERROR;
				GCC_WARN_UNDECLARED_SELECTOR = YES;
				GCC_WARN_UNINITIALIZED_AUTOS = YES_AGGRESSIVE;
				GCC_WARN_UNUSED_FUNCTION = YES;
				GCC_WARN_UNUSED_VARIABLE = YES;
				IPHONEOS_DEPLOYMENT_TARGET = 11.2;
				MTL_ENABLE_DEBUG_INFO = NO;
				SDKROOT = iphoneos;
				SWIFT_OPTIMIZATION_LEVEL = "-Owholemodule";
				VALIDATE_PRODUCT = YES;
			};
			name = Release;
		};
		AD897AAF2156A37B0008FD54 /* Debug */ = {
			isa = XCBuildConfiguration;
			baseConfigurationReference = A32354059B554FA0AA615103 /* Pods-elevate.debug.xcconfig */;
			buildSettings = {
				ASSETCATALOG_COMPILER_APPICON_NAME = AppIcon;
				CODE_SIGN_STYLE = Automatic;
				DEVELOPMENT_TEAM = LTPGD7NEM4;
				INFOPLIST_FILE = elevate/Info.plist;
				LD_RUNPATH_SEARCH_PATHS = "$(inherited) @executable_path/Frameworks";
				PRODUCT_BUNDLE_IDENTIFIER = com.elevatehack.elevate;
				PRODUCT_NAME = "$(TARGET_NAME)";
				SWIFT_VERSION = 4.0;
				TARGETED_DEVICE_FAMILY = "1,2";
			};
			name = Debug;
		};
		AD897AB02156A37B0008FD54 /* Release */ = {
			isa = XCBuildConfiguration;
			baseConfigurationReference = 6FFA415149E0596FFB2C3268 /* Pods-elevate.release.xcconfig */;
			buildSettings = {
				ASSETCATALOG_COMPILER_APPICON_NAME = AppIcon;
				CODE_SIGN_STYLE = Automatic;
				DEVELOPMENT_TEAM = LTPGD7NEM4;
				INFOPLIST_FILE = elevate/Info.plist;
				LD_RUNPATH_SEARCH_PATHS = "$(inherited) @executable_path/Frameworks";
				PRODUCT_BUNDLE_IDENTIFIER = com.elevatehack.elevate;
				PRODUCT_NAME = "$(TARGET_NAME)";
				SWIFT_VERSION = 4.0;
				TARGETED_DEVICE_FAMILY = "1,2";
			};
			name = Release;
		};
/* End XCBuildConfiguration section */

/* Begin XCConfigurationList section */
		AD897A972156A37B0008FD54 /* Build configuration list for PBXProject "elevate" */ = {
			isa = XCConfigurationList;
			buildConfigurations = (
				AD897AAC2156A37B0008FD54 /* Debug */,
				AD897AAD2156A37B0008FD54 /* Release */,
			);
			defaultConfigurationIsVisible = 0;
			defaultConfigurationName = Release;
		};
		AD897AAE2156A37B0008FD54 /* Build configuration list for PBXNativeTarget "elevate" */ = {
			isa = XCConfigurationList;
			buildConfigurations = (
				AD897AAF2156A37B0008FD54 /* Debug */,
				AD897AB02156A37B0008FD54 /* Release */,
			);
			defaultConfigurationIsVisible = 0;
			defaultConfigurationName = Release;
		};
/* End XCConfigurationList section */
	};
	rootObject = AD897A942156A37B0008FD54 /* Project object */;
}
